# THIS IS AN AUTOGENERATED FILE. DO NOT EDIT THIS FILE DIRECTLY.
# yarn lockfile v1


esm@^3.2.25:
  version "3.2.25"
  resolved "https://registry.yarnpkg.com/esm/-/esm-3.2.25.tgz#342c18c29d56157688ba5ce31f8431fbb795cc10"
  integrity sha512-U1suiZ2oDVWv4zPO56S0NcR5QriEahGtdN2OR6FiOG4WJvcjBVFB0qI4+eKoWFH483PKGuLuu6V8Z4T5g63UVA==

file-extension@^3.0.2:
  version "3.1.2"
  resolved "https://registry.yarnpkg.com/file-extension/-/file-extension-3.1.2.tgz#eed169877eeba004aa890bf3f11b4a82935e5914"
  integrity sha1-7tFph37roASqiQvz8RtKgpNeWRQ=

get-value@^2.0.6:
  version "2.0.6"
  resolved "https://registry.yarnpkg.com/get-value/-/get-value-2.0.6.tgz#dc15ca1c672387ca76bd37ac0a395ba2042a2c28"
  integrity sha1-3BXKHGcjh8p2vTesCjlbogQqLCg=

liquidjs@^9.16.1:
  version "9.16.1"
  resolved "https://registry.yarnpkg.com/liquidjs/-/liquidjs-9.16.1.tgz#0b2d88a2cd2144e7f9e8d169c986dd2042b05ee3"
  integrity sha512-bo/EpbQ5u3ZIMtk4NT56wWlWi/ZQz0E/x5GB81BmrbU5Txa7Z2Ha08XYZGXTGXlW0wTWwIgDVk//oxMm35Vugw==

minimist-mini@^2.0.7:
  version "2.0.9"
  resolved "https://registry.yarnpkg.com/minimist-mini/-/minimist-mini-2.0.9.tgz#af14ebe512eef4789ce8d96a2ec90861f482c43e"
  integrity sha512-XS4kV0iwk+aAH6Hej8gl1QM52OTffp/Xy7FBeYvbXCDUsAtXDXU8dnccPKGXXfgBOj581urxTr7Xjk2ewJ3FGA==
  dependencies:
    get-value "^2.0.6"
    minimist "^1.2.0"
    remove-markdown "^0.2.2"

minimist@^1.2.0:
  version "1.2.5"
  resolved "https://registry.yarnpkg.com/minimist/-/minimist-1.2.5.tgz#67d66014b66a6a8aaa0c083c5fd58df4e4e97602"
  integrity sha512-FM9nNUYrRBAELZQT3xeZQ7fmMOBg6nWNmJKTcgsJeaLstP/UODVpGsr5OhXhhXg6f+qtJ8uiZ+PUxkDWcgIXLw==

node-watch@^0.4.1:
  version "0.4.1"
  resolved "https://registry.yarnpkg.com/node-watch/-/node-watch-0.4.1.tgz#d0947d54a995f91135db4056b68722c6d7c322ad"
  integrity sha1-0JR9VKmV+RE120BWtocixtfDIq0=

prettier@^2.1.2:
  version "2.1.2"
  resolved "https://registry.yarnpkg.com/prettier/-/prettier-2.1.2.tgz#3050700dae2e4c8b67c4c3f666cdb8af405e1ce5"
  integrity sha512-16c7K+x4qVlJg9rEbXl7HEGmQyZlG4R9AgP+oHKRMsMsuk8s+ATStlf1NpDqyBI1HpVyfjLOeMhH2LvuNvV5Vg==

remove-markdown@^0.2.2:
  version "0.2.2"
  resolved "https://registry.yarnpkg.com/remove-markdown/-/remove-markdown-0.2.2.tgz#66b0ceeba9fb77ca9636bb1b0307ce21a32a12a6"
  integrity sha1-ZrDO66n7d8qWNrsbAwfOIaMqEqY=

simple-file-watch@^2.0.1:
  version "2.0.1"
  resolved "https://registry.yarnpkg.com/simple-file-watch/-/simple-file-watch-2.0.1.tgz#1c3e10da0ce965d724a45ab8d4a8ee389f6eb0e8"
  integrity sha1-HD4Q2gzpZdckpFq41KjuOJ9usOg=
  dependencies:
    file-extension "^3.0.2"
    get-value "^2.0.6"
    minimist "^1.2.0"
    minimist-mini "^2.0.7"
    node-watch "^0.4.1"
